{
    "hash": "b6638d402db01a9d34ed7e2b03f81eb9",
    "packages": [
        {
            "package": "dflydev/markdown",
            "version": "v1.0.2"
        },
        {
            "package": "docblox/parallel",
            "version": "1.0.0"
        },
        {
            "package": "monolog/monolog",
            "version": "1.1.0"
        },
        {
            "package": "phpdocumentor/reflection-docblock",
            "version": "dev-master",
            "source-reference": "91ef535ae3afdc7410de9cac9a76f3b819a5a43e",
            "commit-date": "1343364997"
        },
        {
            "package": "skyzyx/examplify",
            "version": "1.1"
        },
        {
            "package": "symfony/class-loader",
            "version": "v2.0.16"
        },
        {
            "package": "symfony/console",
            "version": "v2.0.16"
        },
        {
            "package": "symfony/event-dispatcher",
            "version": "v2.0.16"
        },
        {
            "package": "symfony/filesystem",
            "version": "v2.0.16"
        },
        {
            "package": "symfony/finder",
            "version": "v2.0.16"
        },
        {
            "package": "symfony/process",
            "version": "v2.0.16"
        },
        {
            "package": "symfony/templating",
            "version": "v2.0.16"
        },
        {
            "package": "symfony/yaml",
            "version": "v2.0.16"
        }
    ],
    "packages-dev": null,
    "aliases": [

    ],
    "minimum-stability": "stable",
    "stability-flags": {
        "phpdocumentor/reflection-docblock": 20
    }
}
