{
    "hash": "a775ce0a905f3b17d030e324e0122510",
    "packages": [
        {
            "package": "andrewsville/php-token-reflection",
            "version": "1.3.0"
        },
        {
            "package": "dflydev/markdown",
            "version": "v1.0.2"
        },
        {
            "package": "docblox/parallel",
            "version": "1.0.0"
        },
        {
            "package": "monolog/monolog",
            "version": "1.1.0"
        },
        {
            "package": "phpdocumentor/reflection-docblock",
            "version": "dev-master",
            "source-reference": "91ef535ae3afdc7410de9cac9a76f3b819a5a43e",
            "commit-date": "1343364997"
        },
        {
            "package": "skyzyx/examplify",
            "version": "1.1"
        },
        {
            "package": "symfony/class-loader",
            "version": "v2.0.16"
        },
        {
            "package": "symfony/console",
            "version": "v2.0.16"
        },
        {
            "package": "symfony/event-dispatcher",
            "version": "v2.0.16"
        },
        {
            "package": "symfony/filesystem",
            "version": "v2.0.16"
        },
        {
            "package": "symfony/finder",
            "version": "v2.0.16"
        },
        {
            "package": "symfony/process",
            "version": "v2.0.16"
        },
        {
            "package": "symfony/templating",
            "version": "v2.0.16"
        },
        {
            "package": "symfony/yaml",
            "version": "v2.0.16"
        },
        {
            "package": "vanity/pandoc-templates",
            "version": "dev-master",
            "source-reference": "83eb58b85dc4b14085ef2189728d59dccfdebc81",
            "commit-date": "1345420078"
        }
    ],
    "packages-dev": null,
    "aliases": [

    ],
    "minimum-stability": "stable",
    "stability-flags": {
        "phpdocumentor/reflection-docblock": 20,
        "vanity/pandoc-templates": 20
    }
}
